
Microsoft Visual Studio Solution File, Format Version 12.00
# Visual Studio Version 16
VisualStudioVersion = 16.0.30907.101
MinimumVisualStudioVersion = 10.0.40219.1
Project("{FAE04EC0-301F-11D3-BF4B-00C04F79EFBC}") = "MyAnimal", "MyAnimal\MyAnimal.csproj", "{104D5EE9-F91B-4BBA-B82D-FFDAF8E66CA7}"
EndProject
Global
	GlobalSection(SolutionConfigurationPlatforms) = preSolution
		Debug|Any CPU = Debug|Any CPU
		Release|Any CPU = Release|Any CPU
	EndGlobalSection
	GlobalSection(ProjectConfigurationPlatforms) = postSolution
		{104D5EE9-F91B-4BBA-B82D-FFDAF8E66CA7}.Debug|Any CPU.ActiveCfg = Debug|Any CPU
		{104D5EE9-F91B-4BBA-B82D-FFDAF8E66CA7}.Debug|Any CPU.Build.0 = Debug|Any CPU
		{104D5EE9-F91B-4BBA-B82D-FFDAF8E66CA7}.Release|Any CPU.ActiveCfg = Release|Any CPU
		{104D5EE9-F91B-4BBA-B82D-FFDAF8E66CA7}.Release|Any CPU.Build.0 = Release|Any CPU
	EndGlobalSection
	GlobalSection(SolutionProperties) = preSolution
		HideSolutionNode = FALSE
	EndGlobalSection
	GlobalSection(ExtensibilityGlobals) = postSolution
		SolutionGuid = {328C1FD5-1892-46EB-A7AA-CFE3E1DF7148}
	EndGlobalSection
EndGlobal
