
Microsoft Visual Studio Solution File, Format Version 12.00
# Visual Studio Version 16
VisualStudioVersion = 16.0.31702.278
MinimumVisualStudioVersion = 10.0.40219.1
Project("{FAE04EC0-301F-11D3-BF4B-00C04F79EFBC}") = "RomanNumeralsKata", "RomanNumeralsKata\RomanNumeralsKata.csproj", "{28BA6727-981B-4DAD-B447-02AD4640D654}"
EndProject
Project("{FAE04EC0-301F-11D3-BF4B-00C04F79EFBC}") = "RomanNumeralsKata.Test", "RomanNumeralsKata.Test\RomanNumeralsKata.Test.csproj", "{3F517821-FDDC-46D8-B273-FBC8BF920D4A}"
EndProject
Global
	GlobalSection(SolutionConfigurationPlatforms) = preSolution
		Debug|Any CPU = Debug|Any CPU
		Release|Any CPU = Release|Any CPU
	EndGlobalSection
	GlobalSection(ProjectConfigurationPlatforms) = postSolution
		{28BA6727-981B-4DAD-B447-02AD4640D654}.Debug|Any CPU.ActiveCfg = Debug|Any CPU
		{28BA6727-981B-4DAD-B447-02AD4640D654}.Debug|Any CPU.Build.0 = Debug|Any CPU
		{28BA6727-981B-4DAD-B447-02AD4640D654}.Release|Any CPU.ActiveCfg = Release|Any CPU
		{28BA6727-981B-4DAD-B447-02AD4640D654}.Release|Any CPU.Build.0 = Release|Any CPU
		{3F517821-FDDC-46D8-B273-FBC8BF920D4A}.Debug|Any CPU.ActiveCfg = Debug|Any CPU
		{3F517821-FDDC-46D8-B273-FBC8BF920D4A}.Debug|Any CPU.Build.0 = Debug|Any CPU
		{3F517821-FDDC-46D8-B273-FBC8BF920D4A}.Release|Any CPU.ActiveCfg = Release|Any CPU
		{3F517821-FDDC-46D8-B273-FBC8BF920D4A}.Release|Any CPU.Build.0 = Release|Any CPU
	EndGlobalSection
	GlobalSection(SolutionProperties) = preSolution
		HideSolutionNode = FALSE
	EndGlobalSection
	GlobalSection(ExtensibilityGlobals) = postSolution
		SolutionGuid = {406485D5-BD90-4133-A716-C0CD8369E040}
	EndGlobalSection
EndGlobal
