
Microsoft Visual Studio Solution File, Format Version 12.00
# Visual Studio Version 17
VisualStudioVersion = 17.1.32421.90
MinimumVisualStudioVersion = 10.0.40219.1
Project("{FAE04EC0-301F-11D3-BF4B-00C04F79EFBC}") = "MVCExample", "MVCExample\MVCExample.csproj", "{A8275AC2-084E-49C5-9BED-56BC622395BE}"
EndProject
Global
	GlobalSection(SolutionConfigurationPlatforms) = preSolution
		Debug|Any CPU = Debug|Any CPU
		Release|Any CPU = Release|Any CPU
	EndGlobalSection
	GlobalSection(ProjectConfigurationPlatforms) = postSolution
		{A8275AC2-084E-49C5-9BED-56BC622395BE}.Debug|Any CPU.ActiveCfg = Debug|Any CPU
		{A8275AC2-084E-49C5-9BED-56BC622395BE}.Debug|Any CPU.Build.0 = Debug|Any CPU
		{A8275AC2-084E-49C5-9BED-56BC622395BE}.Release|Any CPU.ActiveCfg = Release|Any CPU
		{A8275AC2-084E-49C5-9BED-56BC622395BE}.Release|Any CPU.Build.0 = Release|Any CPU
	EndGlobalSection
	GlobalSection(SolutionProperties) = preSolution
		HideSolutionNode = FALSE
	EndGlobalSection
	GlobalSection(ExtensibilityGlobals) = postSolution
		SolutionGuid = {F902A67B-415B-4148-AED1-04F2D9D96F11}
	EndGlobalSection
EndGlobal
