
Microsoft Visual Studio Solution File, Format Version 12.00
# Visual Studio Version 16
VisualStudioVersion = 16.0.30907.101
MinimumVisualStudioVersion = 10.0.40219.1
Project("{FAE04EC0-301F-11D3-BF4B-00C04F79EFBC}") = "AccesModifiers", "AccesModifiers\AccesModifiers.csproj", "{BBDEEAA6-E724-4790-BC10-CEFD4C9FDF1F}"
EndProject
Project("{FAE04EC0-301F-11D3-BF4B-00C04F79EFBC}") = "AccesModifiers.Test", "AccesModifiers.Test\AccesModifiers.Test.csproj", "{E9DC1BDC-C395-45E9-86DC-389E67295DAF}"
EndProject
Global
	GlobalSection(SolutionConfigurationPlatforms) = preSolution
		Debug|Any CPU = Debug|Any CPU
		Release|Any CPU = Release|Any CPU
	EndGlobalSection
	GlobalSection(ProjectConfigurationPlatforms) = postSolution
		{BBDEEAA6-E724-4790-BC10-CEFD4C9FDF1F}.Debug|Any CPU.ActiveCfg = Debug|Any CPU
		{BBDEEAA6-E724-4790-BC10-CEFD4C9FDF1F}.Debug|Any CPU.Build.0 = Debug|Any CPU
		{BBDEEAA6-E724-4790-BC10-CEFD4C9FDF1F}.Release|Any CPU.ActiveCfg = Release|Any CPU
		{BBDEEAA6-E724-4790-BC10-CEFD4C9FDF1F}.Release|Any CPU.Build.0 = Release|Any CPU
		{E9DC1BDC-C395-45E9-86DC-389E67295DAF}.Debug|Any CPU.ActiveCfg = Debug|Any CPU
		{E9DC1BDC-C395-45E9-86DC-389E67295DAF}.Debug|Any CPU.Build.0 = Debug|Any CPU
		{E9DC1BDC-C395-45E9-86DC-389E67295DAF}.Release|Any CPU.ActiveCfg = Release|Any CPU
		{E9DC1BDC-C395-45E9-86DC-389E67295DAF}.Release|Any CPU.Build.0 = Release|Any CPU
	EndGlobalSection
	GlobalSection(SolutionProperties) = preSolution
		HideSolutionNode = FALSE
	EndGlobalSection
	GlobalSection(ExtensibilityGlobals) = postSolution
		SolutionGuid = {798E6B1C-C21E-4004-B75B-806D04874D82}
	EndGlobalSection
EndGlobal
