
Microsoft Visual Studio Solution File, Format Version 12.00
# Visual Studio Version 17
VisualStudioVersion = 17.1.32421.90
MinimumVisualStudioVersion = 10.0.40219.1
Project("{FAE04EC0-301F-11D3-BF4B-00C04F79EFBC}") = "FinancialApplication", "FinancialApplication\FinancialApplication.csproj", "{CDCD27F0-2096-483A-AC86-9925A6EBDADC}"
EndProject
Global
	GlobalSection(SolutionConfigurationPlatforms) = preSolution
		Debug|Any CPU = Debug|Any CPU
		Release|Any CPU = Release|Any CPU
	EndGlobalSection
	GlobalSection(ProjectConfigurationPlatforms) = postSolution
		{CDCD27F0-2096-483A-AC86-9925A6EBDADC}.Debug|Any CPU.ActiveCfg = Debug|Any CPU
		{CDCD27F0-2096-483A-AC86-9925A6EBDADC}.Debug|Any CPU.Build.0 = Debug|Any CPU
		{CDCD27F0-2096-483A-AC86-9925A6EBDADC}.Release|Any CPU.ActiveCfg = Release|Any CPU
		{CDCD27F0-2096-483A-AC86-9925A6EBDADC}.Release|Any CPU.Build.0 = Release|Any CPU
	EndGlobalSection
	GlobalSection(SolutionProperties) = preSolution
		HideSolutionNode = FALSE
	EndGlobalSection
	GlobalSection(ExtensibilityGlobals) = postSolution
		SolutionGuid = {E87AC35A-9344-4FBD-B0D0-3C901976B871}
	EndGlobalSection
EndGlobal
