
Microsoft Visual Studio Solution File, Format Version 12.00
# Visual Studio Version 17
VisualStudioVersion = 17.1.32421.90
MinimumVisualStudioVersion = 10.0.40219.1
Project("{FAE04EC0-301F-11D3-BF4B-00C04F79EFBC}") = "OpenClosedPrincipleDemoComplete", "OpenClosedPrincipleDemoComplete\OpenClosedPrincipleDemoComplete.csproj", "{D3D515EB-A186-463B-8187-F040E5B0C12B}"
EndProject
Project("{FAE04EC0-301F-11D3-BF4B-00C04F79EFBC}") = "OCPLibrary", "OCPLibrary\OCPLibrary.csproj", "{A7A75961-5073-4E0D-B2EF-E2EE7F9AD5B3}"
EndProject
Global
	GlobalSection(SolutionConfigurationPlatforms) = preSolution
		Debug|Any CPU = Debug|Any CPU
		Release|Any CPU = Release|Any CPU
	EndGlobalSection
	GlobalSection(ProjectConfigurationPlatforms) = postSolution
		{D3D515EB-A186-463B-8187-F040E5B0C12B}.Debug|Any CPU.ActiveCfg = Debug|Any CPU
		{D3D515EB-A186-463B-8187-F040E5B0C12B}.Debug|Any CPU.Build.0 = Debug|Any CPU
		{D3D515EB-A186-463B-8187-F040E5B0C12B}.Release|Any CPU.ActiveCfg = Release|Any CPU
		{D3D515EB-A186-463B-8187-F040E5B0C12B}.Release|Any CPU.Build.0 = Release|Any CPU
		{A7A75961-5073-4E0D-B2EF-E2EE7F9AD5B3}.Debug|Any CPU.ActiveCfg = Debug|Any CPU
		{A7A75961-5073-4E0D-B2EF-E2EE7F9AD5B3}.Debug|Any CPU.Build.0 = Debug|Any CPU
		{A7A75961-5073-4E0D-B2EF-E2EE7F9AD5B3}.Release|Any CPU.ActiveCfg = Release|Any CPU
		{A7A75961-5073-4E0D-B2EF-E2EE7F9AD5B3}.Release|Any CPU.Build.0 = Release|Any CPU
	EndGlobalSection
	GlobalSection(SolutionProperties) = preSolution
		HideSolutionNode = FALSE
	EndGlobalSection
	GlobalSection(ExtensibilityGlobals) = postSolution
		SolutionGuid = {F6642AC0-05ED-4208-AF57-C7C0F84FB67B}
	EndGlobalSection
EndGlobal
