
Microsoft Visual Studio Solution File, Format Version 12.00
# Visual Studio Version 16
VisualStudioVersion = 16.0.31702.278
MinimumVisualStudioVersion = 10.0.40219.1
Project("{FAE04EC0-301F-11D3-BF4B-00C04F79EFBC}") = "MyBuilding", "MyBuilding\MyBuilding.csproj", "{A50B3E2A-ECCB-41DE-B347-3F61709A96EA}"
EndProject
Project("{FAE04EC0-301F-11D3-BF4B-00C04F79EFBC}") = "MyBuilding.Tests", "MyBuilding.Tests\MyBuilding.Tests.csproj", "{415EAC64-9E67-458E-91EE-75F583C2DAC8}"
EndProject
Project("{FAE04EC0-301F-11D3-BF4B-00C04F79EFBC}") = "MyBuilding.TestInfrastructure", "MyBuilding.TestInfrastructure\MyBuilding.TestInfrastructure.csproj", "{16F44C0C-ABBF-4432-B45E-A2E4B0BFA073}"
EndProject
Global
	GlobalSection(SolutionConfigurationPlatforms) = preSolution
		Debug|Any CPU = Debug|Any CPU
		Release|Any CPU = Release|Any CPU
	EndGlobalSection
	GlobalSection(ProjectConfigurationPlatforms) = postSolution
		{A50B3E2A-ECCB-41DE-B347-3F61709A96EA}.Debug|Any CPU.ActiveCfg = Debug|Any CPU
		{A50B3E2A-ECCB-41DE-B347-3F61709A96EA}.Debug|Any CPU.Build.0 = Debug|Any CPU
		{A50B3E2A-ECCB-41DE-B347-3F61709A96EA}.Release|Any CPU.ActiveCfg = Release|Any CPU
		{A50B3E2A-ECCB-41DE-B347-3F61709A96EA}.Release|Any CPU.Build.0 = Release|Any CPU
		{415EAC64-9E67-458E-91EE-75F583C2DAC8}.Debug|Any CPU.ActiveCfg = Debug|Any CPU
		{415EAC64-9E67-458E-91EE-75F583C2DAC8}.Debug|Any CPU.Build.0 = Debug|Any CPU
		{415EAC64-9E67-458E-91EE-75F583C2DAC8}.Release|Any CPU.ActiveCfg = Release|Any CPU
		{415EAC64-9E67-458E-91EE-75F583C2DAC8}.Release|Any CPU.Build.0 = Release|Any CPU
		{16F44C0C-ABBF-4432-B45E-A2E4B0BFA073}.Debug|Any CPU.ActiveCfg = Debug|Any CPU
		{16F44C0C-ABBF-4432-B45E-A2E4B0BFA073}.Debug|Any CPU.Build.0 = Debug|Any CPU
		{16F44C0C-ABBF-4432-B45E-A2E4B0BFA073}.Release|Any CPU.ActiveCfg = Release|Any CPU
		{16F44C0C-ABBF-4432-B45E-A2E4B0BFA073}.Release|Any CPU.Build.0 = Release|Any CPU
	EndGlobalSection
	GlobalSection(SolutionProperties) = preSolution
		HideSolutionNode = FALSE
	EndGlobalSection
	GlobalSection(ExtensibilityGlobals) = postSolution
		SolutionGuid = {370320B9-1482-4A5E-94E8-957D288FDF9C}
	EndGlobalSection
EndGlobal
