
Microsoft Visual Studio Solution File, Format Version 12.00
# Visual Studio Version 17
VisualStudioVersion = 17.1.32421.90
MinimumVisualStudioVersion = 10.0.40219.1
Project("{FAE04EC0-301F-11D3-BF4B-00C04F79EFBC}") = "CodeViolatingSRP", "CodeViolatingSRP\CodeViolatingSRP.csproj", "{4F38FFC3-3D2E-4CC0-8C03-286F3A5C5C59}"
EndProject
Global
	GlobalSection(SolutionConfigurationPlatforms) = preSolution
		Debug|Any CPU = Debug|Any CPU
		Release|Any CPU = Release|Any CPU
	EndGlobalSection
	GlobalSection(ProjectConfigurationPlatforms) = postSolution
		{4F38FFC3-3D2E-4CC0-8C03-286F3A5C5C59}.Debug|Any CPU.ActiveCfg = Debug|Any CPU
		{4F38FFC3-3D2E-4CC0-8C03-286F3A5C5C59}.Debug|Any CPU.Build.0 = Debug|Any CPU
		{4F38FFC3-3D2E-4CC0-8C03-286F3A5C5C59}.Release|Any CPU.ActiveCfg = Release|Any CPU
		{4F38FFC3-3D2E-4CC0-8C03-286F3A5C5C59}.Release|Any CPU.Build.0 = Release|Any CPU
	EndGlobalSection
	GlobalSection(SolutionProperties) = preSolution
		HideSolutionNode = FALSE
	EndGlobalSection
	GlobalSection(ExtensibilityGlobals) = postSolution
		SolutionGuid = {C1B68B46-5309-4A23-B7D8-C957DC658395}
	EndGlobalSection
EndGlobal
