
Microsoft Visual Studio Solution File, Format Version 12.00
# Visual Studio Version 17
VisualStudioVersion = 17.1.32421.90
MinimumVisualStudioVersion = 10.0.40219.1
Project("{FAE04EC0-301F-11D3-BF4B-00C04F79EFBC}") = "LSPBefore", "LSPBefore\LSPBefore.csproj", "{D5EC496F-AB47-40EC-A7D2-21E993A6246F}"
EndProject
Global
	GlobalSection(SolutionConfigurationPlatforms) = preSolution
		Debug|Any CPU = Debug|Any CPU
		Release|Any CPU = Release|Any CPU
	EndGlobalSection
	GlobalSection(ProjectConfigurationPlatforms) = postSolution
		{D5EC496F-AB47-40EC-A7D2-21E993A6246F}.Debug|Any CPU.ActiveCfg = Debug|Any CPU
		{D5EC496F-AB47-40EC-A7D2-21E993A6246F}.Debug|Any CPU.Build.0 = Debug|Any CPU
		{D5EC496F-AB47-40EC-A7D2-21E993A6246F}.Release|Any CPU.ActiveCfg = Release|Any CPU
		{D5EC496F-AB47-40EC-A7D2-21E993A6246F}.Release|Any CPU.Build.0 = Release|Any CPU
	EndGlobalSection
	GlobalSection(SolutionProperties) = preSolution
		HideSolutionNode = FALSE
	EndGlobalSection
	GlobalSection(ExtensibilityGlobals) = postSolution
		SolutionGuid = {216665F2-85C3-4B60-B152-FE4E50FAAABC}
	EndGlobalSection
EndGlobal
