
Microsoft Visual Studio Solution File, Format Version 12.00
# Visual Studio Version 17
VisualStudioVersion = 17.5.33530.505
MinimumVisualStudioVersion = 10.0.40219.1
Project("{FAE04EC0-301F-11D3-BF4B-00C04F79EFBC}") = "GetHashCode", "GetHashCode\GetHashCode.csproj", "{7F06AD93-72F8-476B-85BA-131A6EA8E030}"
EndProject
Project("{FAE04EC0-301F-11D3-BF4B-00C04F79EFBC}") = "GetHashCode.Test", "GetHashCode.Test\GetHashCode.Test.csproj", "{F7741457-119F-434F-9D61-8100BDC575DB}"
EndProject
Global
	GlobalSection(SolutionConfigurationPlatforms) = preSolution
		Debug|Any CPU = Debug|Any CPU
		Release|Any CPU = Release|Any CPU
	EndGlobalSection
	GlobalSection(ProjectConfigurationPlatforms) = postSolution
		{7F06AD93-72F8-476B-85BA-131A6EA8E030}.Debug|Any CPU.ActiveCfg = Debug|Any CPU
		{7F06AD93-72F8-476B-85BA-131A6EA8E030}.Debug|Any CPU.Build.0 = Debug|Any CPU
		{7F06AD93-72F8-476B-85BA-131A6EA8E030}.Release|Any CPU.ActiveCfg = Release|Any CPU
		{7F06AD93-72F8-476B-85BA-131A6EA8E030}.Release|Any CPU.Build.0 = Release|Any CPU
		{F7741457-119F-434F-9D61-8100BDC575DB}.Debug|Any CPU.ActiveCfg = Debug|Any CPU
		{F7741457-119F-434F-9D61-8100BDC575DB}.Debug|Any CPU.Build.0 = Debug|Any CPU
		{F7741457-119F-434F-9D61-8100BDC575DB}.Release|Any CPU.ActiveCfg = Release|Any CPU
		{F7741457-119F-434F-9D61-8100BDC575DB}.Release|Any CPU.Build.0 = Release|Any CPU
	EndGlobalSection
	GlobalSection(SolutionProperties) = preSolution
		HideSolutionNode = FALSE
	EndGlobalSection
	GlobalSection(ExtensibilityGlobals) = postSolution
		SolutionGuid = {756B84B5-120D-435D-9388-A0CB0DF17DBF}
	EndGlobalSection
EndGlobal
